
Microsoft Visual Studio Solution File, Format Version 12.00
# Visual Studio Version 16
VisualStudioVersion = 16.0.29102.190
MinimumVisualStudioVersion = 10.0.40219.1
Project("{888888A0-9F3D-457C-B088-3A5042F75D52}") = "Orange", "Orange\Orange.pyproj", "{32A29112-B9DF-491A-B439-A46CA4786591}"
EndProject
Global
	GlobalSection(SolutionConfigurationPlatforms) = preSolution
		Debug|Any CPU = Debug|Any CPU
		Release|Any CPU = Release|Any CPU
	EndGlobalSection
	GlobalSection(ProjectConfigurationPlatforms) = postSolution
		{32A29112-B9DF-491A-B439-A46CA4786591}.Debug|Any CPU.ActiveCfg = Debug|Any CPU
		{32A29112-B9DF-491A-B439-A46CA4786591}.Release|Any CPU.ActiveCfg = Release|Any CPU
	EndGlobalSection
	GlobalSection(SolutionProperties) = preSolution
		HideSolutionNode = FALSE
	EndGlobalSection
	GlobalSection(ExtensibilityGlobals) = postSolution
		SolutionGuid = {35440D1F-0F18-437B-B0FF-D2A09CA0F1AA}
	EndGlobalSection
EndGlobal
